version: 7
platforms:
- name: linux-64
  virtual-packages:
  - __unix=0=0
  - __linux=4.18
  - __glibc=2.28
  - __archspec=0=x86_64
environments:
  default:
    channels:
    - url: https://conda.anaconda.org/conda-forge/
    packages: {}
  make:
    channels:
    - url: https://conda.anaconda.org/conda-forge/
    packages:
      linux-64:
      - conda: https://conda.anaconda.org/conda-forge/linux-64/_openmp_mutex-4.5-20_gnu.conda
      - conda: https://conda.anaconda.org/conda-forge/linux-64/libgcc-16.2.0-ha9f2e26_7.conda
      - conda: https://conda.anaconda.org/conda-forge/linux-64/libgomp-16.2.0-he0feb66_7.conda
      - conda: https://conda.anaconda.org/conda-forge/linux-64/make-4.4.1-hb03c661_3.conda
packages:
- conda: https://conda.anaconda.org/conda-forge/linux-64/_openmp_mutex-4.5-20_gnu.conda
  build_number: 20
  sha256: 1dd3fffd892081df9726d7eb7e0dea6198962ba775bd88842135a4ddb4deb3c9
  md5: a9f577daf3de00bca7c3c76c0ecbd1de
  depends:
  - __glibc >=2.17,<3.0.a0
  - libgomp >=7.5.0
  constrains:
  - openmp_impl <0.0a0
  license: BSD-3-Clause
  license_family: BSD
  run_exports:
    strong:
    - _openmp_mutex >=4.5
  size: 28948
  timestamp: 1770939786096
- conda: https://conda.anaconda.org/conda-forge/linux-64/libgcc-16.2.0-ha9f2e26_7.conda
  sha256: e031634c3a928f9594eba868bc46ef5230d6571a364a0c63215b06c4563bfcea
  md5: 735629b400b70eeab21a2ba8f5b1c2ce
  depends:
  - __glibc >=2.17,<3.0.a0
  - _openmp_mutex >=4.5
  constrains:
  - libgcc-ng ==16.2.0=*_7
  - libgomp 16.2.0 he0feb66_7
  license: GPL-3.0-only WITH GCC-exception-3.1
  license_family: GPL
  run_exports: {}
  size: 1058444
  timestamp: 1790303109576
- conda: https://conda.anaconda.org/conda-forge/linux-64/libgomp-16.2.0-he0feb66_7.conda
  sha256: 92a0bb350c7be6a4eedcb4e111c60aefd176018e6b1c009a6e025dbe9bbcd758
  md5: d904c7ddd95e026254b4b80808ee9e12
  depends:
  - __glibc >=2.17,<3.0.a0
  license: GPL-3.0-only WITH GCC-exception-3.1
  license_family: GPL
  run_exports:
    strong:
    - _openmp_mutex >=4.5
  size: 640566
  timestamp: 1790303046034
- conda: https://conda.anaconda.org/conda-forge/linux-64/make-4.4.1-hb03c661_3.conda
  sha256: 4c65d2769847778a6d84db6984ac81bcec6f8958d349f1fe57ae040ccc56a801
  md5: b4a198dc40024de2a59c1343e4ae4144
  depends:
  - __glibc >=2.17,<3.0.a0
  - libgcc >=14
  license: GPL-3.0-or-later
  license_family: GPL
  run_exports: {}
  size: 510695
  timestamp: 1785879853297
